// !$*UTF8*$!
{
	archiveVersion = 1;
	classes = {
	};
	objectVersion = 46;
	objects = {

/* Begin PBXBuildFile section */
		304CA4EF1FC22F92C2A68736 /* EpubFile.swift in Sources */ = {isa = PBXBuildFile; fileRef = 304CAD45F6097EDEE13E6459 /* EpubFile.swift */; };
		4E0282051E179CAC005111D2 /* AppDelegate.swift in Sources */ = {isa = PBXBuildFile; fileRef = 4E0282041E179CAC005111D2 /* AppDelegate.swift */; };
		4E0282071E179CAC005111D2 /* Document.swift in Sources */ = {isa = PBXBuildFile; fileRef = 4E0282061E179CAC005111D2 /* Document.swift */; };
		4E02820A1E179CAC005111D2 /* Document.xib in Resources */ = {isa = PBXBuildFile; fileRef = 4E0282081E179CAC005111D2 /* Document.xib */; };
		4E02820C1E179CAC005111D2 /* Assets.xcassets in Resources */ = {isa = PBXBuildFile; fileRef = 4E02820B1E179CAC005111D2 /* Assets.xcassets */; };
		4E02820F1E179CAC005111D2 /* MainMenu.xib in Resources */ = {isa = PBXBuildFile; fileRef = 4E02820D1E179CAC005111D2 /* MainMenu.xib */; };
		4E02821A1E179CAD005111D2 /* GnosisUITests.swift in Sources */ = {isa = PBXBuildFile; fileRef = 4E0282191E179CAD005111D2 /* GnosisUITests.swift */; };
		4E0282261E17A8EB005111D2 /* MainWindowController.swift in Sources */ = {isa = PBXBuildFile; fileRef = 4E0282241E17A8EB005111D2 /* MainWindowController.swift */; };
		4E0282271E17A8EB005111D2 /* MainWindowController.xib in Resources */ = {isa = PBXBuildFile; fileRef = 4E0282251E17A8EB005111D2 /* MainWindowController.xib */; };
		4E02822A1E17BF6B005111D2 /* EpubViewController.swift in Sources */ = {isa = PBXBuildFile; fileRef = 4E0282281E17BF6B005111D2 /* EpubViewController.swift */; };
		4E02822B1E17BF6B005111D2 /* EpubViewController.xib in Resources */ = {isa = PBXBuildFile; fileRef = 4E0282291E17BF6B005111D2 /* EpubViewController.xib */; };
		4E02822F1E17BF8F005111D2 /* Ji.framework in Frameworks */ = {isa = PBXBuildFile; fileRef = 4E02822C1E17BF8F005111D2 /* Ji.framework */; };
		4E0282301E17BF8F005111D2 /* Ji.framework in Embed Frameworks */ = {isa = PBXBuildFile; fileRef = 4E02822C1E17BF8F005111D2 /* Ji.framework */; settings = {ATTRIBUTES = (CodeSignOnCopy, RemoveHeadersOnCopy, ); }; };
		4E0282311E17BF8F005111D2 /* SQLite.framework in Frameworks */ = {isa = PBXBuildFile; fileRef = 4E02822D1E17BF8F005111D2 /* SQLite.framework */; };
		4E0282321E17BF8F005111D2 /* SQLite.framework in Embed Frameworks */ = {isa = PBXBuildFile; fileRef = 4E02822D1E17BF8F005111D2 /* SQLite.framework */; settings = {ATTRIBUTES = (CodeSignOnCopy, RemoveHeadersOnCopy, ); }; };
		4E0282331E17BF8F005111D2 /* UnzipKit.framework in Frameworks */ = {isa = PBXBuildFile; fileRef = 4E02822E1E17BF8F005111D2 /* UnzipKit.framework */; };
		4E0282341E17BF8F005111D2 /* UnzipKit.framework in Embed Frameworks */ = {isa = PBXBuildFile; fileRef = 4E02822E1E17BF8F005111D2 /* UnzipKit.framework */; settings = {ATTRIBUTES = (CodeSignOnCopy, RemoveHeadersOnCopy, ); }; };
		4E02823A1E17BFA7005111D2 /* Ji.framework.dSYM in CopyFiles */ = {isa = PBXBuildFile; fileRef = 4E0282371E17BFA7005111D2 /* Ji.framework.dSYM */; };
		4E02823B1E17BFA7005111D2 /* UnzipKit.framework.dSYM in CopyFiles */ = {isa = PBXBuildFile; fileRef = 4E0282381E17BFA7005111D2 /* UnzipKit.framework.dSYM */; };
		4E02823C1E17BFA7005111D2 /* SQLite.framework.dSYM in CopyFiles */ = {isa = PBXBuildFile; fileRef = 4E0282391E17BFA7005111D2 /* SQLite.framework.dSYM */; };
		4E0282441E17BFFC005111D2 /* epub-test.epub in Resources */ = {isa = PBXBuildFile; fileRef = 4E02823F1E17BFFC005111D2 /* epub-test.epub */; };
		4E0282451E17BFFC005111D2 /* epub-test2.epub in Resources */ = {isa = PBXBuildFile; fileRef = 4E0282401E17BFFC005111D2 /* epub-test2.epub */; };
		4E0282461E17BFFC005111D2 /* epub-test3.epub in Resources */ = {isa = PBXBuildFile; fileRef = 4E0282411E17BFFC005111D2 /* epub-test3.epub */; };
		4E0282471E17BFFC005111D2 /* style.css in Resources */ = {isa = PBXBuildFile; fileRef = 4E0282421E17BFFC005111D2 /* style.css */; };
		4E0282481E17BFFC005111D2 /* style2.css in Resources */ = {isa = PBXBuildFile; fileRef = 4E0282431E17BFFC005111D2 /* style2.css */; };
		4E02824C1E17C021005111D2 /* Gnosis.sdef in Resources */ = {isa = PBXBuildFile; fileRef = 4E02824A1E17C021005111D2 /* Gnosis.sdef */; };
		4E02824E1E17C3A6005111D2 /* FileLibrary.swift in Sources */ = {isa = PBXBuildFile; fileRef = 4E02824D1E17C3A6005111D2 /* FileLibrary.swift */; };
		4E0282511E188113005111D2 /* EpubTableViewController.swift in Sources */ = {isa = PBXBuildFile; fileRef = 4E02824F1E188113005111D2 /* EpubTableViewController.swift */; };
		4E0282521E188113005111D2 /* EpubTableViewController.xib in Resources */ = {isa = PBXBuildFile; fileRef = 4E0282501E188113005111D2 /* EpubTableViewController.xib */; };
		4E0282541E1904D2005111D2 /* EpubTableCellView.swift in Sources */ = {isa = PBXBuildFile; fileRef = 4E0282531E1904D1005111D2 /* EpubTableCellView.swift */; };
		4E86184C1E1D55EE006DF350 /* QuartzCore.framework in Frameworks */ = {isa = PBXBuildFile; fileRef = 4E86184B1E1D55EE006DF350 /* QuartzCore.framework */; };
		4EE53D141E192523004052FE /* EpubCollectionViewItem.swift in Sources */ = {isa = PBXBuildFile; fileRef = 4EE53D121E192523004052FE /* EpubCollectionViewItem.swift */; };
		4EE53D151E192523004052FE /* EpubCollectionViewItem.xib in Resources */ = {isa = PBXBuildFile; fileRef = 4EE53D131E192523004052FE /* EpubCollectionViewItem.xib */; };
		4EE53D181E193142004052FE /* EpubCollectionViewController.swift in Sources */ = {isa = PBXBuildFile; fileRef = 4EE53D161E193142004052FE /* EpubCollectionViewController.swift */; };
		4EE53D191E193142004052FE /* EpubCollectionViewController.xib in Resources */ = {isa = PBXBuildFile; fileRef = 4EE53D171E193142004052FE /* EpubCollectionViewController.xib */; };
/* End PBXBuildFile section */

/* Begin PBXContainerItemProxy section */
		4E0282161E179CAD005111D2 /* PBXContainerItemProxy */ = {
			isa = PBXContainerItemProxy;
			containerPortal = 4E0281F91E179CAC005111D2 /* Project object */;
			proxyType = 1;
			remoteGlobalIDString = 4E0282001E179CAC005111D2;
			remoteInfo = Gnosis;
		};
		4E8618581E1F0EDA006DF350 /* PBXContainerItemProxy */ = {
			isa = PBXContainerItemProxy;
			containerPortal = 4E86184E1E1F0ED9006DF350 /* Ji.xcodeproj */;
			proxyType = 2;
			remoteGlobalIDString = E43D74D61B8FBBBF00702114;
			remoteInfo = "Ji iOS";
		};
		4E86185A1E1F0EDA006DF350 /* PBXContainerItemProxy */ = {
			isa = PBXContainerItemProxy;
			containerPortal = 4E86184E1E1F0ED9006DF350 /* Ji.xcodeproj */;
			proxyType = 2;
			remoteGlobalIDString = E43A4D831BD838FC003CB3D7;
			remoteInfo = "Ji OSX";
		};
		4E86185C1E1F0EDA006DF350 /* PBXContainerItemProxy */ = {
			isa = PBXContainerItemProxy;
			containerPortal = 4E86184E1E1F0ED9006DF350 /* Ji.xcodeproj */;
			proxyType = 2;
			remoteGlobalIDString = E43A4E241BD842B6003CB3D7;
			remoteInfo = "Ji tvOS";
		};
		4E86185E1E1F0EDA006DF350 /* PBXContainerItemProxy */ = {
			isa = PBXContainerItemProxy;
			containerPortal = 4E86184E1E1F0ED9006DF350 /* Ji.xcodeproj */;
			proxyType = 2;
			remoteGlobalIDString = E43A4DDE1BD83FBF003CB3D7;
			remoteInfo = "Ji watchOS";
		};
		4E8618601E1F0EDA006DF350 /* PBXContainerItemProxy */ = {
			isa = PBXContainerItemProxy;
			containerPortal = 4E86184E1E1F0ED9006DF350 /* Ji.xcodeproj */;
			proxyType = 2;
			remoteGlobalIDString = E43D75061B8FE82100702114;
			remoteInfo = "Ji iOS Tests";
		};
		4E8618621E1F0EDA006DF350 /* PBXContainerItemProxy */ = {
			isa = PBXContainerItemProxy;
			containerPortal = 4E86184E1E1F0ED9006DF350 /* Ji.xcodeproj */;
			proxyType = 2;
			remoteGlobalIDString = E43A4D8C1BD838FD003CB3D7;
			remoteInfo = "Ji OSX Tests";
		};
		4E8618641E1F0EDA006DF350 /* PBXContainerItemProxy */ = {
			isa = PBXContainerItemProxy;
			containerPortal = 4E86184E1E1F0ED9006DF350 /* Ji.xcodeproj */;
			proxyType = 2;
			remoteGlobalIDString = E43A4E2D1BD842B6003CB3D7;
			remoteInfo = "Ji tvOS Tests";
		};
/* End PBXContainerItemProxy section */

/* Begin PBXCopyFilesBuildPhase section */
		4E0282351E17BF8F005111D2 /* Embed Frameworks */ = {
			isa = PBXCopyFilesBuildPhase;
			buildActionMask = 2147483647;
			dstPath = "";
			dstSubfolderSpec = 10;
			files = (
				4E0282321E17BF8F005111D2 /* SQLite.framework in Embed Frameworks */,
				4E0282301E17BF8F005111D2 /* Ji.framework in Embed Frameworks */,
				4E0282341E17BF8F005111D2 /* UnzipKit.framework in Embed Frameworks */,
			);
			name = "Embed Frameworks";
			runOnlyForDeploymentPostprocessing = 0;
		};
		4E0282361E17BF99005111D2 /* CopyFiles */ = {
			isa = PBXCopyFilesBuildPhase;
			buildActionMask = 2147483647;
			dstPath = "";
			dstSubfolderSpec = 16;
			files = (
				4E02823A1E17BFA7005111D2 /* Ji.framework.dSYM in CopyFiles */,
				4E02823B1E17BFA7005111D2 /* UnzipKit.framework.dSYM in CopyFiles */,
				4E02823C1E17BFA7005111D2 /* SQLite.framework.dSYM in CopyFiles */,
			);
			runOnlyForDeploymentPostprocessing = 0;
		};
/* End PBXCopyFilesBuildPhase section */

/* Begin PBXFileReference section */
		304CAD45F6097EDEE13E6459 /* EpubFile.swift */ = {isa = PBXFileReference; fileEncoding = 4; lastKnownFileType = sourcecode.swift; name = EpubFile.swift; path = GnosisEpub/EpubFile.swift; sourceTree = "<group>"; };
		4E0282011E179CAC005111D2 /* Gnosis.app */ = {isa = PBXFileReference; explicitFileType = wrapper.application; includeInIndex = 0; path = Gnosis.app; sourceTree = BUILT_PRODUCTS_DIR; };
		4E0282041E179CAC005111D2 /* AppDelegate.swift */ = {isa = PBXFileReference; lastKnownFileType = sourcecode.swift; path = AppDelegate.swift; sourceTree = "<group>"; };
		4E0282061E179CAC005111D2 /* Document.swift */ = {isa = PBXFileReference; lastKnownFileType = sourcecode.swift; path = Document.swift; sourceTree = "<group>"; };
		4E0282091E179CAC005111D2 /* Base */ = {isa = PBXFileReference; lastKnownFileType = file.xib; name = Base; path = Base.lproj/Document.xib; sourceTree = "<group>"; };
		4E02820B1E179CAC005111D2 /* Assets.xcassets */ = {isa = PBXFileReference; lastKnownFileType = folder.assetcatalog; path = Assets.xcassets; sourceTree = "<group>"; };
		4E02820E1E179CAC005111D2 /* Base */ = {isa = PBXFileReference; lastKnownFileType = file.xib; name = Base; path = Base.lproj/MainMenu.xib; sourceTree = "<group>"; };
		4E0282101E179CAC005111D2 /* Info.plist */ = {isa = PBXFileReference; lastKnownFileType = text.plist.xml; path = Info.plist; sourceTree = "<group>"; };
		4E0282151E179CAD005111D2 /* GnosisUITests.xctest */ = {isa = PBXFileReference; explicitFileType = wrapper.cfbundle; includeInIndex = 0; path = GnosisUITests.xctest; sourceTree = BUILT_PRODUCTS_DIR; };
		4E0282191E179CAD005111D2 /* GnosisUITests.swift */ = {isa = PBXFileReference; lastKnownFileType = sourcecode.swift; path = GnosisUITests.swift; sourceTree = "<group>"; };
		4E02821B1E179CAD005111D2 /* Info.plist */ = {isa = PBXFileReference; lastKnownFileType = text.plist.xml; path = Info.plist; sourceTree = "<group>"; };
		4E0282241E17A8EB005111D2 /* MainWindowController.swift */ = {isa = PBXFileReference; fileEncoding = 4; lastKnownFileType = sourcecode.swift; path = MainWindowController.swift; sourceTree = "<group>"; };
		4E0282251E17A8EB005111D2 /* MainWindowController.xib */ = {isa = PBXFileReference; fileEncoding = 4; lastKnownFileType = file.xib; path = MainWindowController.xib; sourceTree = "<group>"; };
		4E0282281E17BF6B005111D2 /* EpubViewController.swift */ = {isa = PBXFileReference; fileEncoding = 4; lastKnownFileType = sourcecode.swift; path = EpubViewController.swift; sourceTree = "<group>"; };
		4E0282291E17BF6B005111D2 /* EpubViewController.xib */ = {isa = PBXFileReference; fileEncoding = 4; lastKnownFileType = file.xib; path = EpubViewController.xib; sourceTree = "<group>"; };
		4E02822C1E17BF8F005111D2 /* Ji.framework */ = {isa = PBXFileReference; lastKnownFileType = wrapper.framework; name = Ji.framework; path = Carthage/Build/Mac/Ji.framework; sourceTree = "<group>"; };
		4E02822D1E17BF8F005111D2 /* SQLite.framework */ = {isa = PBXFileReference; lastKnownFileType = wrapper.framework; name = SQLite.framework; path = Carthage/Build/Mac/SQLite.framework; sourceTree = "<group>"; };
		4E02822E1E17BF8F005111D2 /* UnzipKit.framework */ = {isa = PBXFileReference; lastKnownFileType = wrapper.framework; name = UnzipKit.framework; path = Carthage/Build/Mac/UnzipKit.framework; sourceTree = "<group>"; };
		4E0282371E17BFA7005111D2 /* Ji.framework.dSYM */ = {isa = PBXFileReference; lastKnownFileType = wrapper.dsym; name = Ji.framework.dSYM; path = Carthage/Build/Mac/Ji.framework.dSYM; sourceTree = "<group>"; };
		4E0282381E17BFA7005111D2 /* UnzipKit.framework.dSYM */ = {isa = PBXFileReference; lastKnownFileType = wrapper.dsym; name = UnzipKit.framework.dSYM; path = Carthage/Build/Mac/UnzipKit.framework.dSYM; sourceTree = "<group>"; };
		4E0282391E17BFA7005111D2 /* SQLite.framework.dSYM */ = {isa = PBXFileReference; lastKnownFileType = wrapper.dsym; name = SQLite.framework.dSYM; path = Carthage/Build/Mac/SQLite.framework.dSYM; sourceTree = "<group>"; };
		4E02823F1E17BFFC005111D2 /* epub-test.epub */ = {isa = PBXFileReference; lastKnownFileType = file; path = "epub-test.epub"; sourceTree = "<group>"; };
		4E0282401E17BFFC005111D2 /* epub-test2.epub */ = {isa = PBXFileReference; lastKnownFileType = file; path = "epub-test2.epub"; sourceTree = "<group>"; };
		4E0282411E17BFFC005111D2 /* epub-test3.epub */ = {isa = PBXFileReference; lastKnownFileType = file; path = "epub-test3.epub"; sourceTree = "<group>"; };
		4E0282421E17BFFC005111D2 /* style.css */ = {isa = PBXFileReference; fileEncoding = 4; lastKnownFileType = text.css; path = style.css; sourceTree = "<group>"; };
		4E0282431E17BFFC005111D2 /* style2.css */ = {isa = PBXFileReference; fileEncoding = 4; lastKnownFileType = text.css; path = style2.css; sourceTree = "<group>"; };
		4E02824A1E17C021005111D2 /* Gnosis.sdef */ = {isa = PBXFileReference; fileEncoding = 4; lastKnownFileType = text.xml; path = Gnosis.sdef; sourceTree = "<group>"; };
		4E02824D1E17C3A6005111D2 /* FileLibrary.swift */ = {isa = PBXFileReference; fileEncoding = 4; lastKnownFileType = sourcecode.swift; path = FileLibrary.swift; sourceTree = "<group>"; };
		4E02824F1E188113005111D2 /* EpubTableViewController.swift */ = {isa = PBXFileReference; fileEncoding = 4; lastKnownFileType = sourcecode.swift; path = EpubTableViewController.swift; sourceTree = "<group>"; };
		4E0282501E188113005111D2 /* EpubTableViewController.xib */ = {isa = PBXFileReference; fileEncoding = 4; lastKnownFileType = file.xib; path = EpubTableViewController.xib; sourceTree = "<group>"; };
		4E0282531E1904D1005111D2 /* EpubTableCellView.swift */ = {isa = PBXFileReference; fileEncoding = 4; lastKnownFileType = sourcecode.swift; path = EpubTableCellView.swift; sourceTree = "<group>"; };
		4E86184B1E1D55EE006DF350 /* QuartzCore.framework */ = {isa = PBXFileReference; lastKnownFileType = wrapper.framework; name = QuartzCore.framework; path = ../../../../System/Library/Frameworks/QuartzCore.framework; sourceTree = "<group>"; };
		4E86184D1E1E5C6F006DF350 /* ePubPlayground.playground */ = {isa = PBXFileReference; lastKnownFileType = file.playground; path = ePubPlayground.playground; sourceTree = "<group>"; };
		4E86184E1E1F0ED9006DF350 /* Ji.xcodeproj */ = {isa = PBXFileReference; lastKnownFileType = "wrapper.pb-project"; name = Ji.xcodeproj; path = Carthage/Checkouts/Ji/Ji.xcodeproj; sourceTree = "<group>"; };
		4EE53D121E192523004052FE /* EpubCollectionViewItem.swift */ = {isa = PBXFileReference; fileEncoding = 4; lastKnownFileType = sourcecode.swift; path = EpubCollectionViewItem.swift; sourceTree = "<group>"; };
		4EE53D131E192523004052FE /* EpubCollectionViewItem.xib */ = {isa = PBXFileReference; fileEncoding = 4; lastKnownFileType = file.xib; path = EpubCollectionViewItem.xib; sourceTree = "<group>"; };
		4EE53D161E193142004052FE /* EpubCollectionViewController.swift */ = {isa = PBXFileReference; fileEncoding = 4; lastKnownFileType = sourcecode.swift; path = EpubCollectionViewController.swift; sourceTree = "<group>"; };
		4EE53D171E193142004052FE /* EpubCollectionViewController.xib */ = {isa = PBXFileReference; fileEncoding = 4; lastKnownFileType = file.xib; path = EpubCollectionViewController.xib; sourceTree = "<group>"; };
/* End PBXFileReference section */

/* Begin PBXFrameworksBuildPhase section */
		4E0281FE1E179CAC005111D2 /* Frameworks */ = {
			isa = PBXFrameworksBuildPhase;
			buildActionMask = 2147483647;
			files = (
				4E86184C1E1D55EE006DF350 /* QuartzCore.framework in Frameworks */,
				4E0282311E17BF8F005111D2 /* SQLite.framework in Frameworks */,
				4E02822F1E17BF8F005111D2 /* Ji.framework in Frameworks */,
				4E0282331E17BF8F005111D2 /* UnzipKit.framework in Frameworks */,
			);
			runOnlyForDeploymentPostprocessing = 0;
		};
		4E0282121E179CAD005111D2 /* Frameworks */ = {
			isa = PBXFrameworksBuildPhase;
			buildActionMask = 2147483647;
			files = (
			);
			runOnlyForDeploymentPostprocessing = 0;
		};
/* End PBXFrameworksBuildPhase section */

/* Begin PBXGroup section */
		4E0281F81E179CAC005111D2 = {
			isa = PBXGroup;
			children = (
				4E86184D1E1E5C6F006DF350 /* ePubPlayground.playground */,
				4E0282031E179CAC005111D2 /* Gnosis */,
				4EFE3F061E1F7DC00064E965 /* GnosisEpub */,
				4E02823E1E17BFFC005111D2 /* Shared */,
				4E0282181E179CAD005111D2 /* GnosisUITests */,
				4E02823D1E17BFDD005111D2 /* Frameworks */,
				4E0282021E179CAC005111D2 /* Products */,
			);
			sourceTree = "<group>";
		};
		4E0282021E179CAC005111D2 /* Products */ = {
			isa = PBXGroup;
			children = (
				4E0282011E179CAC005111D2 /* Gnosis.app */,
				4E0282151E179CAD005111D2 /* GnosisUITests.xctest */,
			);
			name = Products;
			sourceTree = "<group>";
		};
		4E0282031E179CAC005111D2 /* Gnosis */ = {
			isa = PBXGroup;
			children = (
				4E0282041E179CAC005111D2 /* AppDelegate.swift */,
				4E0282061E179CAC005111D2 /* Document.swift */,
				4E0282081E179CAC005111D2 /* Document.xib */,
				4E02820B1E179CAC005111D2 /* Assets.xcassets */,
				4E02820D1E179CAC005111D2 /* MainMenu.xib */,
				4E0282101E179CAC005111D2 /* Info.plist */,
				4E0282241E17A8EB005111D2 /* MainWindowController.swift */,
				4E0282251E17A8EB005111D2 /* MainWindowController.xib */,
				4E0282281E17BF6B005111D2 /* EpubViewController.swift */,
				4E0282291E17BF6B005111D2 /* EpubViewController.xib */,
				4E02824D1E17C3A6005111D2 /* FileLibrary.swift */,
				4E02824A1E17C021005111D2 /* Gnosis.sdef */,
				4E02824F1E188113005111D2 /* EpubTableViewController.swift */,
				4E0282501E188113005111D2 /* EpubTableViewController.xib */,
				4E0282531E1904D1005111D2 /* EpubTableCellView.swift */,
				4EE53D121E192523004052FE /* EpubCollectionViewItem.swift */,
				4EE53D131E192523004052FE /* EpubCollectionViewItem.xib */,
				4EE53D161E193142004052FE /* EpubCollectionViewController.swift */,
				4EE53D171E193142004052FE /* EpubCollectionViewController.xib */,
				304CAD45F6097EDEE13E6459 /* EpubFile.swift */,
			);
			path = Gnosis;
			sourceTree = "<group>";
		};
		4E0282181E179CAD005111D2 /* GnosisUITests */ = {
			isa = PBXGroup;
			children = (
				4E0282191E179CAD005111D2 /* GnosisUITests.swift */,
				4E02821B1E179CAD005111D2 /* Info.plist */,
			);
			path = GnosisUITests;
			sourceTree = "<group>";
		};
		4E02823D1E17BFDD005111D2 /* Frameworks */ = {
			isa = PBXGroup;
			children = (
				4E86184E1E1F0ED9006DF350 /* Ji.xcodeproj */,
				4E86184B1E1D55EE006DF350 /* QuartzCore.framework */,
				4E0282371E17BFA7005111D2 /* Ji.framework.dSYM */,
				4E0282381E17BFA7005111D2 /* UnzipKit.framework.dSYM */,
				4E0282391E17BFA7005111D2 /* SQLite.framework.dSYM */,
				4E02822C1E17BF8F005111D2 /* Ji.framework */,
				4E02822D1E17BF8F005111D2 /* SQLite.framework */,
				4E02822E1E17BF8F005111D2 /* UnzipKit.framework */,
			);
			name = Frameworks;
			sourceTree = "<group>";
		};
		4E02823E1E17BFFC005111D2 /* Shared */ = {
			isa = PBXGroup;
			children = (
				4E02823F1E17BFFC005111D2 /* epub-test.epub */,
				4E0282401E17BFFC005111D2 /* epub-test2.epub */,
				4E0282411E17BFFC005111D2 /* epub-test3.epub */,
				4E0282421E17BFFC005111D2 /* style.css */,
				4E0282431E17BFFC005111D2 /* style2.css */,
			);
			path = Shared;
			sourceTree = "<group>";
		};
		4E86184F1E1F0ED9006DF350 /* Products */ = {
			isa = PBXGroup;
			children = (
				4E8618591E1F0EDA006DF350 /* Ji.framework */,
				4E86185B1E1F0EDA006DF350 /* Ji.framework */,
				4E86185D1E1F0EDA006DF350 /* Ji.framework */,
				4E86185F1E1F0EDA006DF350 /* Ji.framework */,
				4E8618611E1F0EDA006DF350 /* Ji iOS Tests.xctest */,
				4E8618631E1F0EDA006DF350 /* Ji OSX Tests.xctest */,
				4E8618651E1F0EDA006DF350 /* Ji tvOS Tests.xctest */,
			);
			name = Products;
			sourceTree = "<group>";
		};
		4EFE3F061E1F7DC00064E965 /* GnosisEpub */ = {
			isa = PBXGroup;
			children = (
			);
			name = GnosisEpub;
			sourceTree = "<group>";
		};
/* End PBXGroup section */

/* Begin PBXNativeTarget section */
		4E0282001E179CAC005111D2 /* Gnosis */ = {
			isa = PBXNativeTarget;
			buildConfigurationList = 4E02821E1E179CAD005111D2 /* Build configuration list for PBXNativeTarget "Gnosis" */;
			buildPhases = (
				4E0281FD1E179CAC005111D2 /* Sources */,
				4E0281FE1E179CAC005111D2 /* Frameworks */,
				4E0281FF1E179CAC005111D2 /* Resources */,
				4E0282351E17BF8F005111D2 /* Embed Frameworks */,
				4E0282361E17BF99005111D2 /* CopyFiles */,
			);
			buildRules = (
			);
			dependencies = (
			);
			name = Gnosis;
			productName = Gnosis;
			productReference = 4E0282011E179CAC005111D2 /* Gnosis.app */;
			productType = "com.apple.product-type.application";
		};
		4E0282141E179CAD005111D2 /* GnosisUITests */ = {
			isa = PBXNativeTarget;
			buildConfigurationList = 4E0282211E179CAD005111D2 /* Build configuration list for PBXNativeTarget "GnosisUITests" */;
			buildPhases = (
				4E0282111E179CAD005111D2 /* Sources */,
				4E0282121E179CAD005111D2 /* Frameworks */,
				4E0282131E179CAD005111D2 /* Resources */,
			);
			buildRules = (
			);
			dependencies = (
				4E0282171E179CAD005111D2 /* PBXTargetDependency */,
			);
			name = GnosisUITests;
			productName = GnosisUITests;
			productReference = 4E0282151E179CAD005111D2 /* GnosisUITests.xctest */;
			productType = "com.apple.product-type.bundle.ui-testing";
		};
/* End PBXNativeTarget section */

/* Begin PBXProject section */
		4E0281F91E179CAC005111D2 /* Project object */ = {
			isa = PBXProject;
			attributes = {
				LastSwiftUpdateCheck = 0820;
				LastUpgradeCheck = 0820;
				ORGANIZATIONNAME = Gennaios;
				TargetAttributes = {
					4E0282001E179CAC005111D2 = {
						CreatedOnToolsVersion = 8.2.1;
						ProvisioningStyle = Automatic;
					};
					4E0282141E179CAD005111D2 = {
						CreatedOnToolsVersion = 8.2.1;
						ProvisioningStyle = Automatic;
						TestTargetID = 4E0282001E179CAC005111D2;
					};
				};
			};
			buildConfigurationList = 4E0281FC1E179CAC005111D2 /* Build configuration list for PBXProject "Gnosis" */;
			compatibilityVersion = "Xcode 3.2";
			developmentRegion = English;
			hasScannedForEncodings = 0;
			knownRegions = (
				en,
				Base,
			);
			mainGroup = 4E0281F81E179CAC005111D2;
			productRefGroup = 4E0282021E179CAC005111D2 /* Products */;
			projectDirPath = "";
			projectReferences = (
				{
					ProductGroup = 4E86184F1E1F0ED9006DF350 /* Products */;
					ProjectRef = 4E86184E1E1F0ED9006DF350 /* Ji.xcodeproj */;
				},
			);
			projectRoot = "";
			targets = (
				4E0282001E179CAC005111D2 /* Gnosis */,
				4E0282141E179CAD005111D2 /* GnosisUITests */,
			);
		};
/* End PBXProject section */

/* Begin PBXReferenceProxy section */
		4E8618591E1F0EDA006DF350 /* Ji.framework */ = {
			isa = PBXReferenceProxy;
			fileType = wrapper.framework;
			path = Ji.framework;
			remoteRef = 4E8618581E1F0EDA006DF350 /* PBXContainerItemProxy */;
			sourceTree = BUILT_PRODUCTS_DIR;
		};
		4E86185B1E1F0EDA006DF350 /* Ji.framework */ = {
			isa = PBXReferenceProxy;
			fileType = wrapper.framework;
			path = Ji.framework;
			remoteRef = 4E86185A1E1F0EDA006DF350 /* PBXContainerItemProxy */;
			sourceTree = BUILT_PRODUCTS_DIR;
		};
		4E86185D1E1F0EDA006DF350 /* Ji.framework */ = {
			isa = PBXReferenceProxy;
			fileType = wrapper.framework;
			path = Ji.framework;
			remoteRef = 4E86185C1E1F0EDA006DF350 /* PBXContainerItemProxy */;
			sourceTree = BUILT_PRODUCTS_DIR;
		};
		4E86185F1E1F0EDA006DF350 /* Ji.framework */ = {
			isa = PBXReferenceProxy;
			fileType = wrapper.framework;
			path = Ji.framework;
			remoteRef = 4E86185E1E1F0EDA006DF350 /* PBXContainerItemProxy */;
			sourceTree = BUILT_PRODUCTS_DIR;
		};
		4E8618611E1F0EDA006DF350 /* Ji iOS Tests.xctest */ = {
			isa = PBXReferenceProxy;
			fileType = wrapper.cfbundle;
			path = "Ji iOS Tests.xctest";
			remoteRef = 4E8618601E1F0EDA006DF350 /* PBXContainerItemProxy */;
			sourceTree = BUILT_PRODUCTS_DIR;
		};
		4E8618631E1F0EDA006DF350 /* Ji OSX Tests.xctest */ = {
			isa = PBXReferenceProxy;
			fileType = wrapper.cfbundle;
			path = "Ji OSX Tests.xctest";
			remoteRef = 4E8618621E1F0EDA006DF350 /* PBXContainerItemProxy */;
			sourceTree = BUILT_PRODUCTS_DIR;
		};
		4E8618651E1F0EDA006DF350 /* Ji tvOS Tests.xctest */ = {
			isa = PBXReferenceProxy;
			fileType = wrapper.cfbundle;
			path = "Ji tvOS Tests.xctest";
			remoteRef = 4E8618641E1F0EDA006DF350 /* PBXContainerItemProxy */;
			sourceTree = BUILT_PRODUCTS_DIR;
		};
/* End PBXReferenceProxy section */

/* Begin PBXResourcesBuildPhase section */
		4E0281FF1E179CAC005111D2 /* Resources */ = {
			isa = PBXResourcesBuildPhase;
			buildActionMask = 2147483647;
			files = (
				4E0282451E17BFFC005111D2 /* epub-test2.epub in Resources */,
				4E0282471E17BFFC005111D2 /* style.css in Resources */,
				4EE53D151E192523004052FE /* EpubCollectionViewItem.xib in Resources */,
				4E02820C1E179CAC005111D2 /* Assets.xcassets in Resources */,
				4E02820A1E179CAC005111D2 /* Document.xib in Resources */,
				4E02822B1E17BF6B005111D2 /* EpubViewController.xib in Resources */,
				4E0282271E17A8EB005111D2 /* MainWindowController.xib in Resources */,
				4E0282461E17BFFC005111D2 /* epub-test3.epub in Resources */,
				4E0282521E188113005111D2 /* EpubTableViewController.xib in Resources */,
				4E02820F1E179CAC005111D2 /* MainMenu.xib in Resources */,
				4EE53D191E193142004052FE /* EpubCollectionViewController.xib in Resources */,
				4E02824C1E17C021005111D2 /* Gnosis.sdef in Resources */,
				4E0282481E17BFFC005111D2 /* style2.css in Resources */,
				4E0282441E17BFFC005111D2 /* epub-test.epub in Resources */,
			);
			runOnlyForDeploymentPostprocessing = 0;
		};
		4E0282131E179CAD005111D2 /* Resources */ = {
			isa = PBXResourcesBuildPhase;
			buildActionMask = 2147483647;
			files = (
			);
			runOnlyForDeploymentPostprocessing = 0;
		};
/* End PBXResourcesBuildPhase section */

/* Begin PBXSourcesBuildPhase section */
		4E0281FD1E179CAC005111D2 /* Sources */ = {
			isa = PBXSourcesBuildPhase;
			buildActionMask = 2147483647;
			files = (
				4E0282511E188113005111D2 /* EpubTableViewController.swift in Sources */,
				4E0282541E1904D2005111D2 /* EpubTableCellView.swift in Sources */,
				4EE53D181E193142004052FE /* EpubCollectionViewController.swift in Sources */,
				4E0282071E179CAC005111D2 /* Document.swift in Sources */,
				4E0282051E179CAC005111D2 /* AppDelegate.swift in Sources */,
				4E02824E1E17C3A6005111D2 /* FileLibrary.swift in Sources */,
				4E02822A1E17BF6B005111D2 /* EpubViewController.swift in Sources */,
				4E0282261E17A8EB005111D2 /* MainWindowController.swift in Sources */,
				4EE53D141E192523004052FE /* EpubCollectionViewItem.swift in Sources */,
				304CA4EF1FC22F92C2A68736 /* EpubFile.swift in Sources */,
			);
			runOnlyForDeploymentPostprocessing = 0;
		};
		4E0282111E179CAD005111D2 /* Sources */ = {
			isa = PBXSourcesBuildPhase;
			buildActionMask = 2147483647;
			files = (
				4E02821A1E179CAD005111D2 /* GnosisUITests.swift in Sources */,
			);
			runOnlyForDeploymentPostprocessing = 0;
		};
/* End PBXSourcesBuildPhase section */

/* Begin PBXTargetDependency section */
		4E0282171E179CAD005111D2 /* PBXTargetDependency */ = {
			isa = PBXTargetDependency;
			target = 4E0282001E179CAC005111D2 /* Gnosis */;
			targetProxy = 4E0282161E179CAD005111D2 /* PBXContainerItemProxy */;
		};
/* End PBXTargetDependency section */

/* Begin PBXVariantGroup section */
		4E0282081E179CAC005111D2 /* Document.xib */ = {
			isa = PBXVariantGroup;
			children = (
				4E0282091E179CAC005111D2 /* Base */,
			);
			name = Document.xib;
			sourceTree = "<group>";
		};
		4E02820D1E179CAC005111D2 /* MainMenu.xib */ = {
			isa = PBXVariantGroup;
			children = (
				4E02820E1E179CAC005111D2 /* Base */,
			);
			name = MainMenu.xib;
			sourceTree = "<group>";
		};
/* End PBXVariantGroup section */

/* Begin XCBuildConfiguration section */
		4E02821C1E179CAD005111D2 /* Debug */ = {
			isa = XCBuildConfiguration;
			buildSettings = {
				ALWAYS_SEARCH_USER_PATHS = NO;
				CLANG_ANALYZER_NONNULL = YES;
				CLANG_CXX_LANGUAGE_STANDARD = "gnu++0x";
				CLANG_CXX_LIBRARY = "libc++";
				CLANG_ENABLE_MODULES = YES;
				CLANG_ENABLE_OBJC_ARC = YES;
				CLANG_WARN_BOOL_CONVERSION = YES;
				CLANG_WARN_CONSTANT_CONVERSION = YES;
				CLANG_WARN_DIRECT_OBJC_ISA_USAGE = YES_ERROR;
				CLANG_WARN_DOCUMENTATION_COMMENTS = YES;
				CLANG_WARN_EMPTY_BODY = YES;
				CLANG_WARN_ENUM_CONVERSION = YES;
				CLANG_WARN_INFINITE_RECURSION = YES;
				CLANG_WARN_INT_CONVERSION = YES;
				CLANG_WARN_OBJC_ROOT_CLASS = YES_ERROR;
				CLANG_WARN_SUSPICIOUS_MOVE = YES;
				CLANG_WARN_UNREACHABLE_CODE = YES;
				CLANG_WARN__DUPLICATE_METHOD_MATCH = YES;
				CODE_SIGN_IDENTITY = "-";
				COPY_PHASE_STRIP = NO;
				DEBUG_INFORMATION_FORMAT = dwarf;
				ENABLE_STRICT_OBJC_MSGSEND = YES;
				ENABLE_TESTABILITY = YES;
				GCC_C_LANGUAGE_STANDARD = gnu99;
				GCC_DYNAMIC_NO_PIC = NO;
				GCC_NO_COMMON_BLOCKS = YES;
				GCC_OPTIMIZATION_LEVEL = 0;
				GCC_PREPROCESSOR_DEFINITIONS = (
					"DEBUG=1",
					"$(inherited)",
				);
				GCC_WARN_64_TO_32_BIT_CONVERSION = YES;
				GCC_WARN_ABOUT_RETURN_TYPE = YES_ERROR;
				GCC_WARN_UNDECLARED_SELECTOR = YES;
				GCC_WARN_UNINITIALIZED_AUTOS = YES_AGGRESSIVE;
				GCC_WARN_UNUSED_FUNCTION = YES;
				GCC_WARN_UNUSED_VARIABLE = YES;
				MACOSX_DEPLOYMENT_TARGET = 10.12;
				MTL_ENABLE_DEBUG_INFO = YES;
				ONLY_ACTIVE_ARCH = YES;
				SDKROOT = macosx;
				SWIFT_ACTIVE_COMPILATION_CONDITIONS = DEBUG;
				SWIFT_OPTIMIZATION_LEVEL = "-Onone";
			};
			name = Debug;
		};
		4E02821D1E179CAD005111D2 /* Release */ = {
			isa = XCBuildConfiguration;
			buildSettings = {
				ALWAYS_SEARCH_USER_PATHS = NO;
				CLANG_ANALYZER_NONNULL = YES;
				CLANG_CXX_LANGUAGE_STANDARD = "gnu++0x";
				CLANG_CXX_LIBRARY = "libc++";
				CLANG_ENABLE_MODULES = YES;
				CLANG_ENABLE_OBJC_ARC = YES;
				CLANG_WARN_BOOL_CONVERSION = YES;
				CLANG_WARN_CONSTANT_CONVERSION = YES;
				CLANG_WARN_DIRECT_OBJC_ISA_USAGE = YES_ERROR;
				CLANG_WARN_DOCUMENTATION_COMMENTS = YES;
				CLANG_WARN_EMPTY_BODY = YES;
				CLANG_WARN_ENUM_CONVERSION = YES;
				CLANG_WARN_INFINITE_RECURSION = YES;
				CLANG_WARN_INT_CONVERSION = YES;
				CLANG_WARN_OBJC_ROOT_CLASS = YES_ERROR;
				CLANG_WARN_SUSPICIOUS_MOVE = YES;
				CLANG_WARN_UNREACHABLE_CODE = YES;
				CLANG_WARN__DUPLICATE_METHOD_MATCH = YES;
				CODE_SIGN_IDENTITY = "-";
				COPY_PHASE_STRIP = NO;
				DEBUG_INFORMATION_FORMAT = "dwarf-with-dsym";
				ENABLE_NS_ASSERTIONS = NO;
				ENABLE_STRICT_OBJC_MSGSEND = YES;
				GCC_C_LANGUAGE_STANDARD = gnu99;
				GCC_NO_COMMON_BLOCKS = YES;
				GCC_WARN_64_TO_32_BIT_CONVERSION = YES;
				GCC_WARN_ABOUT_RETURN_TYPE = YES_ERROR;
				GCC_WARN_UNDECLARED_SELECTOR = YES;
				GCC_WARN_UNINITIALIZED_AUTOS = YES_AGGRESSIVE;
				GCC_WARN_UNUSED_FUNCTION = YES;
				GCC_WARN_UNUSED_VARIABLE = YES;
				MACOSX_DEPLOYMENT_TARGET = 10.12;
				MTL_ENABLE_DEBUG_INFO = NO;
				SDKROOT = macosx;
				SWIFT_OPTIMIZATION_LEVEL = "-Owholemodule";
			};
			name = Release;
		};
		4E02821F1E179CAD005111D2 /* Debug */ = {
			isa = XCBuildConfiguration;
			buildSettings = {
				ASSETCATALOG_COMPILER_APPICON_NAME = AppIcon;
				COMBINE_HIDPI_IMAGES = YES;
				FRAMEWORK_SEARCH_PATHS = (
					"$(inherited)",
					"$(PROJECT_DIR)/Carthage/Build/Mac",
				);
				INFOPLIST_FILE = Gnosis/Info.plist;
				LD_RUNPATH_SEARCH_PATHS = "$(inherited) @executable_path/../Frameworks";
				PRODUCT_BUNDLE_IDENTIFIER = io.github.gennaios.Gnosis;
				PRODUCT_NAME = "$(TARGET_NAME)";
				SWIFT_VERSION = 3.0;
			};
			name = Debug;
		};
		4E0282201E179CAD005111D2 /* Release */ = {
			isa = XCBuildConfiguration;
			buildSettings = {
				ASSETCATALOG_COMPILER_APPICON_NAME = AppIcon;
				COMBINE_HIDPI_IMAGES = YES;
				FRAMEWORK_SEARCH_PATHS = (
					"$(inherited)",
					"$(PROJECT_DIR)/Carthage/Build/Mac",
				);
				INFOPLIST_FILE = Gnosis/Info.plist;
				LD_RUNPATH_SEARCH_PATHS = "$(inherited) @executable_path/../Frameworks";
				PRODUCT_BUNDLE_IDENTIFIER = io.github.gennaios.Gnosis;
				PRODUCT_NAME = "$(TARGET_NAME)";
				SWIFT_VERSION = 3.0;
			};
			name = Release;
		};
		4E0282221E179CAD005111D2 /* Debug */ = {
			isa = XCBuildConfiguration;
			buildSettings = {
				ALWAYS_EMBED_SWIFT_STANDARD_LIBRARIES = YES;
				COMBINE_HIDPI_IMAGES = YES;
				INFOPLIST_FILE = GnosisUITests/Info.plist;
				LD_RUNPATH_SEARCH_PATHS = "$(inherited) @executable_path/../Frameworks @loader_path/../Frameworks";
				PRODUCT_BUNDLE_IDENTIFIER = io.github.gennaios.GnosisUITests;
				PRODUCT_NAME = "$(TARGET_NAME)";
				SWIFT_VERSION = 3.0;
				TEST_TARGET_NAME = Gnosis;
			};
			name = Debug;
		};
		4E0282231E179CAD005111D2 /* Release */ = {
			isa = XCBuildConfiguration;
			buildSettings = {
				ALWAYS_EMBED_SWIFT_STANDARD_LIBRARIES = YES;
				COMBINE_HIDPI_IMAGES = YES;
				INFOPLIST_FILE = GnosisUITests/Info.plist;
				LD_RUNPATH_SEARCH_PATHS = "$(inherited) @executable_path/../Frameworks @loader_path/../Frameworks";
				PRODUCT_BUNDLE_IDENTIFIER = io.github.gennaios.GnosisUITests;
				PRODUCT_NAME = "$(TARGET_NAME)";
				SWIFT_VERSION = 3.0;
				TEST_TARGET_NAME = Gnosis;
			};
			name = Release;
		};
/* End XCBuildConfiguration section */

/* Begin XCConfigurationList section */
		4E0281FC1E179CAC005111D2 /* Build configuration list for PBXProject "Gnosis" */ = {
			isa = XCConfigurationList;
			buildConfigurations = (
				4E02821C1E179CAD005111D2 /* Debug */,
				4E02821D1E179CAD005111D2 /* Release */,
			);
			defaultConfigurationIsVisible = 0;
			defaultConfigurationName = Release;
		};
		4E02821E1E179CAD005111D2 /* Build configuration list for PBXNativeTarget "Gnosis" */ = {
			isa = XCConfigurationList;
			buildConfigurations = (
				4E02821F1E179CAD005111D2 /* Debug */,
				4E0282201E179CAD005111D2 /* Release */,
			);
			defaultConfigurationIsVisible = 0;
			defaultConfigurationName = Release;
		};
		4E0282211E179CAD005111D2 /* Build configuration list for PBXNativeTarget "GnosisUITests" */ = {
			isa = XCConfigurationList;
			buildConfigurations = (
				4E0282221E179CAD005111D2 /* Debug */,
				4E0282231E179CAD005111D2 /* Release */,
			);
			defaultConfigurationIsVisible = 0;
			defaultConfigurationName = Release;
		};
/* End XCConfigurationList section */
	};
	rootObject = 4E0281F91E179CAC005111D2 /* Project object */;
}
